
Microsoft Visual Studio Solution File, Format Version 12.00
# Visual Studio Version 17
VisualStudioVersion = 17.0.31903.59
MinimumVisualStudioVersion = 10.0.40219.1
Project("{FAE04EC0-301F-11D3-BF4B-00C04F79EFBC}") = "techviet_be", "techviet_be\techviet_be.csproj", "{85961381-7C8A-4034-AE8D-861BE4435FFC}"
EndProject
Global
	GlobalSection(SolutionConfigurationPlatforms) = preSolution
		Debug|Any CPU = Debug|Any CPU
		Release|Any CPU = Release|Any CPU
	EndGlobalSection
	GlobalSection(SolutionProperties) = preSolution
		HideSolutionNode = FALSE
	EndGlobalSection
	GlobalSection(ProjectConfigurationPlatforms) = postSolution
		{85961381-7C8A-4034-AE8D-861BE4435FFC}.Debug|Any CPU.ActiveCfg = Debug|Any CPU
		{85961381-7C8A-4034-AE8D-861BE4435FFC}.Debug|Any CPU.Build.0 = Debug|Any CPU
		{85961381-7C8A-4034-AE8D-861BE4435FFC}.Release|Any CPU.ActiveCfg = Release|Any CPU
		{85961381-7C8A-4034-AE8D-861BE4435FFC}.Release|Any CPU.Build.0 = Release|Any CPU
	EndGlobalSection
EndGlobal
